// !$*UTF8*$!
{ archiveVersion = 1; classes = {}; objectVersion = 56; objects = {
F8EB875FCC4C9E2C3F19DDCC = { isa = PBXFileReference; lastKnownFileType = sourcecode.swift; path = "DoodleFunApp.swift"; sourceTree = "<group>"; };
76BE6F7C77225E71F100B9DF = { isa = PBXFileReference; lastKnownFileType = sourcecode.swift; path = "DoodleViewController.swift"; sourceTree = "<group>"; };
FCD3D741A648CC1C2556D973 = { isa = PBXFileReference; lastKnownFileType = sourcecode.swift; path = "NativeBridgePolicy.swift"; sourceTree = "<group>"; };
28AAD1477D5182D66D4B03B3 = { isa = PBXFileReference; lastKnownFileType = folder.assetcatalog; path = "Assets.xcassets"; sourceTree = "<group>"; };
3EC294A9824EC621F40E143B = { isa = PBXFileReference; lastKnownFileType = text.html; path = "Resources/index.html"; sourceTree = "<group>"; };
7B0815A80ACB3C1B7773D03D = { isa = PBXFileReference; lastKnownFileType = text.json; path = "Resources/BundleManifest.json"; sourceTree = "<group>"; };
26B2A637F7DC4079D5AB78A5 = { isa = PBXFileReference; lastKnownFileType = text.xml; path = "PrivacyInfo.xcprivacy"; sourceTree = "<group>"; };
7B594B6DB375E1BF3F23CDD6 = { isa = PBXFileReference; lastKnownFileType = text.plist.xml; path = "Info.plist"; sourceTree = "<group>"; };
773BDAED63A119336E7B54B0 = { isa = PBXFileReference; lastKnownFileType = sourcecode.swift; path = NativeBridgeTests.swift; sourceTree = "<group>"; };
0C91ED45C57317F0A9206509 = { isa = PBXFileReference; lastKnownFileType = sourcecode.swift; path = DoodleFunUITests.swift; sourceTree = "<group>"; };
9A68BD5543CF1B128AB3DA22 = { isa = PBXFileReference; explicitFileType = wrapper.application; includeInIndex = 0; path = DoodleFun.app; sourceTree = BUILT_PRODUCTS_DIR; };
7D0BCD244396C94676072128 = { isa = PBXFileReference; explicitFileType = wrapper.cfbundle; includeInIndex = 0; path = DoodleFunTests.xctest; sourceTree = BUILT_PRODUCTS_DIR; };
06AA3F790DD471A3ED0FACF8 = { isa = PBXFileReference; explicitFileType = wrapper.cfbundle; includeInIndex = 0; path = DoodleFunUITests.xctest; sourceTree = BUILT_PRODUCTS_DIR; };
69F8D45498D7E20DA99BB780 = { isa = PBXGroup; children = (F8EB875FCC4C9E2C3F19DDCC, 76BE6F7C77225E71F100B9DF, FCD3D741A648CC1C2556D973, 28AAD1477D5182D66D4B03B3, 3EC294A9824EC621F40E143B, 7B0815A80ACB3C1B7773D03D, 26B2A637F7DC4079D5AB78A5, 7B594B6DB375E1BF3F23CDD6,); path = DoodleFun; sourceTree = "<group>"; };
BFC937463906E5DB7A02A37C = { isa = PBXGroup; children = (773BDAED63A119336E7B54B0,); path = DoodleFunTests; sourceTree = "<group>"; };
119C44536C59FD2DC605EB12 = { isa = PBXGroup; children = (0C91ED45C57317F0A9206509,); path = DoodleFunUITests; sourceTree = "<group>"; };
328EC33DF3954DC9B83FA285 = { isa = PBXGroup; children = (9A68BD5543CF1B128AB3DA22, 7D0BCD244396C94676072128, 06AA3F790DD471A3ED0FACF8,); name = Products; sourceTree = "<group>"; };
E50290A24C49A459B43487C5 = { isa = PBXGroup; children = (69F8D45498D7E20DA99BB780, BFC937463906E5DB7A02A37C, 119C44536C59FD2DC605EB12, 328EC33DF3954DC9B83FA285,); sourceTree = "<group>"; };
A8A41FF07C64CA1F176374BE = { isa = PBXBuildFile; fileRef = F8EB875FCC4C9E2C3F19DDCC; };
8AEC6C19119186AD1E3E3FCD = { isa = PBXBuildFile; fileRef = 76BE6F7C77225E71F100B9DF; };
C1974BE1D363E1C59FE515C2 = { isa = PBXBuildFile; fileRef = FCD3D741A648CC1C2556D973; };
4B5AA49B44F6E5B7F0FF20AE = { isa = PBXSourcesBuildPhase; buildActionMask = 2147483647; files = (A8A41FF07C64CA1F176374BE, 8AEC6C19119186AD1E3E3FCD, C1974BE1D363E1C59FE515C2,); runOnlyForDeploymentPostprocessing = 0; };
960284E08ECA29ECAFBBAC3D = { isa = PBXFrameworksBuildPhase; buildActionMask = 2147483647; files = (); runOnlyForDeploymentPostprocessing = 0; };
85CD30A4707747F13A2FB412 = { isa = PBXBuildFile; fileRef = 28AAD1477D5182D66D4B03B3; };
28DEC4BE0F7068CA80DD2973 = { isa = PBXBuildFile; fileRef = 3EC294A9824EC621F40E143B; };
674BC64ADA7DA8E54FC229E6 = { isa = PBXBuildFile; fileRef = 7B0815A80ACB3C1B7773D03D; };
68830000C9CA3453499DAE8E = { isa = PBXBuildFile; fileRef = 26B2A637F7DC4079D5AB78A5; };
4D30D60532D3F65DD3D46D09 = { isa = PBXResourcesBuildPhase; buildActionMask = 2147483647; files = (85CD30A4707747F13A2FB412, 28DEC4BE0F7068CA80DD2973, 674BC64ADA7DA8E54FC229E6, 68830000C9CA3453499DAE8E,); runOnlyForDeploymentPostprocessing = 0; };
1EB99C74350E5868E7105273 = { isa = XCBuildConfiguration; buildSettings = {ALWAYS_SEARCH_USER_PATHS = NO; CLANG_ENABLE_MODULES = YES; CLANG_ENABLE_OBJC_ARC = YES; IPHONEOS_DEPLOYMENT_TARGET = 17.0; SDKROOT = iphoneos; SWIFT_VERSION = 5.0; TARGETED_DEVICE_FAMILY = "1,2"; SUPPORTED_PLATFORMS = "iphoneos iphonesimulator"; CODE_SIGN_STYLE = Automatic; PRODUCT_NAME = "$(TARGET_NAME)"; SWIFT_OPTIMIZATION_LEVEL = "-Onone"; SWIFT_ACTIVE_COMPILATION_CONDITIONS = "DEBUG $(inherited)"; DEBUG_INFORMATION_FORMAT = dwarf; ENABLE_TESTABILITY = YES; PRODUCT_BUNDLE_IDENTIFIER = com.kartikkp.DoodleFun; INFOPLIST_FILE = DoodleFun/Info.plist; GENERATE_INFOPLIST_FILE = NO; ASSETCATALOG_COMPILER_APPICON_NAME = AppIcon; CURRENT_PROJECT_VERSION = 1; MARKETING_VERSION = 2.1.0; LD_RUNPATH_SEARCH_PATHS = "$(inherited) @executable_path/Frameworks";}; name = Debug; };
6139618FB20CDB20511C174F = { isa = XCBuildConfiguration; buildSettings = {ALWAYS_SEARCH_USER_PATHS = NO; CLANG_ENABLE_MODULES = YES; CLANG_ENABLE_OBJC_ARC = YES; IPHONEOS_DEPLOYMENT_TARGET = 17.0; SDKROOT = iphoneos; SWIFT_VERSION = 5.0; TARGETED_DEVICE_FAMILY = "1,2"; SUPPORTED_PLATFORMS = "iphoneos iphonesimulator"; CODE_SIGN_STYLE = Automatic; PRODUCT_NAME = "$(TARGET_NAME)"; SWIFT_OPTIMIZATION_LEVEL = "-O"; SWIFT_ACTIVE_COMPILATION_CONDITIONS = "$(inherited)"; DEBUG_INFORMATION_FORMAT = "dwarf-with-dsym"; ENABLE_TESTABILITY = NO; PRODUCT_BUNDLE_IDENTIFIER = com.kartikkp.DoodleFun; INFOPLIST_FILE = DoodleFun/Info.plist; GENERATE_INFOPLIST_FILE = NO; ASSETCATALOG_COMPILER_APPICON_NAME = AppIcon; CURRENT_PROJECT_VERSION = 1; MARKETING_VERSION = 2.1.0; LD_RUNPATH_SEARCH_PATHS = "$(inherited) @executable_path/Frameworks";}; name = Release; };
BB2FB75D99422EF9A1A7E144 = { isa = XCConfigurationList; buildConfigurations = (1EB99C74350E5868E7105273, 6139618FB20CDB20511C174F,); defaultConfigurationIsVisible = 0; defaultConfigurationName = Release; };
2FDA16EE93D7D223AA93A5CA = { isa = PBXNativeTarget; buildConfigurationList = BB2FB75D99422EF9A1A7E144; buildPhases = (4B5AA49B44F6E5B7F0FF20AE, 960284E08ECA29ECAFBBAC3D, 4D30D60532D3F65DD3D46D09,); buildRules = (); dependencies = (); name = DoodleFun; productName = DoodleFun; productReference = 9A68BD5543CF1B128AB3DA22; productType = "com.apple.product-type.application"; };
06D0C4B74B97A8E6D8538943 = { isa = PBXBuildFile; fileRef = 773BDAED63A119336E7B54B0; };
DA25489504D29E62CA247B4B = { isa = PBXSourcesBuildPhase; buildActionMask = 2147483647; files = (06D0C4B74B97A8E6D8538943,); runOnlyForDeploymentPostprocessing = 0; };
120E4B82EF131EACDC44CB81 = { isa = PBXFrameworksBuildPhase; buildActionMask = 2147483647; files = (); runOnlyForDeploymentPostprocessing = 0; };
668BDAF17C2DDBB2E2BA12EC = { isa = PBXResourcesBuildPhase; buildActionMask = 2147483647; files = (); runOnlyForDeploymentPostprocessing = 0; };
5E038A641DCE905326B75128 = { isa = PBXContainerItemProxy; containerPortal = 98F54143AB4E86B28C3AFEE0; proxyType = 1; remoteGlobalIDString = 2FDA16EE93D7D223AA93A5CA; remoteInfo = DoodleFun; };
EB8BD49AA8203F63CF449F02 = { isa = PBXTargetDependency; target = 2FDA16EE93D7D223AA93A5CA; targetProxy = 5E038A641DCE905326B75128; };
6722D2B753ACDBC42F2753E5 = { isa = XCBuildConfiguration; buildSettings = {ALWAYS_SEARCH_USER_PATHS = NO; CLANG_ENABLE_MODULES = YES; CLANG_ENABLE_OBJC_ARC = YES; IPHONEOS_DEPLOYMENT_TARGET = 17.0; SDKROOT = iphoneos; SWIFT_VERSION = 5.0; TARGETED_DEVICE_FAMILY = "1,2"; SUPPORTED_PLATFORMS = "iphoneos iphonesimulator"; CODE_SIGN_STYLE = Automatic; PRODUCT_NAME = "$(TARGET_NAME)"; SWIFT_OPTIMIZATION_LEVEL = "-Onone"; SWIFT_ACTIVE_COMPILATION_CONDITIONS = "DEBUG $(inherited)"; DEBUG_INFORMATION_FORMAT = dwarf; ENABLE_TESTABILITY = YES; PRODUCT_BUNDLE_IDENTIFIER = com.kartikkp.DoodleFun.Tests; GENERATE_INFOPLIST_FILE = YES; TEST_HOST = "$(BUILT_PRODUCTS_DIR)/DoodleFun.app/$(BUNDLE_EXECUTABLE_FOLDER_PATH)/DoodleFun"; BUNDLE_LOADER = "$(TEST_HOST)"; LD_RUNPATH_SEARCH_PATHS = "$(inherited) @executable_path/Frameworks @loader_path/Frameworks";}; name = Debug; };
036493F306B892184ED45FBF = { isa = XCBuildConfiguration; buildSettings = {ALWAYS_SEARCH_USER_PATHS = NO; CLANG_ENABLE_MODULES = YES; CLANG_ENABLE_OBJC_ARC = YES; IPHONEOS_DEPLOYMENT_TARGET = 17.0; SDKROOT = iphoneos; SWIFT_VERSION = 5.0; TARGETED_DEVICE_FAMILY = "1,2"; SUPPORTED_PLATFORMS = "iphoneos iphonesimulator"; CODE_SIGN_STYLE = Automatic; PRODUCT_NAME = "$(TARGET_NAME)"; SWIFT_OPTIMIZATION_LEVEL = "-O"; SWIFT_ACTIVE_COMPILATION_CONDITIONS = "$(inherited)"; DEBUG_INFORMATION_FORMAT = "dwarf-with-dsym"; ENABLE_TESTABILITY = NO; PRODUCT_BUNDLE_IDENTIFIER = com.kartikkp.DoodleFun.Tests; GENERATE_INFOPLIST_FILE = YES; TEST_HOST = "$(BUILT_PRODUCTS_DIR)/DoodleFun.app/$(BUNDLE_EXECUTABLE_FOLDER_PATH)/DoodleFun"; BUNDLE_LOADER = "$(TEST_HOST)"; LD_RUNPATH_SEARCH_PATHS = "$(inherited) @executable_path/Frameworks @loader_path/Frameworks";}; name = Release; };
2DBA050DB3FB2CED1A4FB14F = { isa = XCConfigurationList; buildConfigurations = (6722D2B753ACDBC42F2753E5, 036493F306B892184ED45FBF,); defaultConfigurationIsVisible = 0; defaultConfigurationName = Release; };
C520B70A259356B3019510DC = { isa = PBXNativeTarget; buildConfigurationList = 2DBA050DB3FB2CED1A4FB14F; buildPhases = (DA25489504D29E62CA247B4B, 120E4B82EF131EACDC44CB81, 668BDAF17C2DDBB2E2BA12EC,); buildRules = (); dependencies = (EB8BD49AA8203F63CF449F02,); name = DoodleFunTests; productName = DoodleFunTests; productReference = 7D0BCD244396C94676072128; productType = "com.apple.product-type.bundle.unit-test"; };
091FCBD22E72E0427CC25A0F = { isa = PBXBuildFile; fileRef = 0C91ED45C57317F0A9206509; };
4F855746D7DA8ED42391DD3C = { isa = PBXSourcesBuildPhase; buildActionMask = 2147483647; files = (091FCBD22E72E0427CC25A0F,); runOnlyForDeploymentPostprocessing = 0; };
0813C11CE20084D567CCFCAF = { isa = PBXFrameworksBuildPhase; buildActionMask = 2147483647; files = (); runOnlyForDeploymentPostprocessing = 0; };
E7185EDDA1728D590AE4BC9D = { isa = PBXResourcesBuildPhase; buildActionMask = 2147483647; files = (); runOnlyForDeploymentPostprocessing = 0; };
5AEC5DF29168179858DD7C67 = { isa = PBXContainerItemProxy; containerPortal = 98F54143AB4E86B28C3AFEE0; proxyType = 1; remoteGlobalIDString = 2FDA16EE93D7D223AA93A5CA; remoteInfo = DoodleFun; };
C0DD0A34C0A48D49D1F43985 = { isa = PBXTargetDependency; target = 2FDA16EE93D7D223AA93A5CA; targetProxy = 5AEC5DF29168179858DD7C67; };
DA5BEDA2EF77231077EC33D5 = { isa = XCBuildConfiguration; buildSettings = {ALWAYS_SEARCH_USER_PATHS = NO; CLANG_ENABLE_MODULES = YES; CLANG_ENABLE_OBJC_ARC = YES; IPHONEOS_DEPLOYMENT_TARGET = 17.0; SDKROOT = iphoneos; SWIFT_VERSION = 5.0; TARGETED_DEVICE_FAMILY = "1,2"; SUPPORTED_PLATFORMS = "iphoneos iphonesimulator"; CODE_SIGN_STYLE = Automatic; PRODUCT_NAME = "$(TARGET_NAME)"; SWIFT_OPTIMIZATION_LEVEL = "-Onone"; SWIFT_ACTIVE_COMPILATION_CONDITIONS = "DEBUG $(inherited)"; DEBUG_INFORMATION_FORMAT = dwarf; ENABLE_TESTABILITY = YES; PRODUCT_BUNDLE_IDENTIFIER = com.kartikkp.DoodleFun.UITests; GENERATE_INFOPLIST_FILE = YES; TEST_TARGET_NAME = DoodleFun; LD_RUNPATH_SEARCH_PATHS = "$(inherited) @executable_path/Frameworks @loader_path/Frameworks";}; name = Debug; };
B5D88451F2806CF51B18FA60 = { isa = XCBuildConfiguration; buildSettings = {ALWAYS_SEARCH_USER_PATHS = NO; CLANG_ENABLE_MODULES = YES; CLANG_ENABLE_OBJC_ARC = YES; IPHONEOS_DEPLOYMENT_TARGET = 17.0; SDKROOT = iphoneos; SWIFT_VERSION = 5.0; TARGETED_DEVICE_FAMILY = "1,2"; SUPPORTED_PLATFORMS = "iphoneos iphonesimulator"; CODE_SIGN_STYLE = Automatic; PRODUCT_NAME = "$(TARGET_NAME)"; SWIFT_OPTIMIZATION_LEVEL = "-O"; SWIFT_ACTIVE_COMPILATION_CONDITIONS = "$(inherited)"; DEBUG_INFORMATION_FORMAT = "dwarf-with-dsym"; ENABLE_TESTABILITY = NO; PRODUCT_BUNDLE_IDENTIFIER = com.kartikkp.DoodleFun.UITests; GENERATE_INFOPLIST_FILE = YES; TEST_TARGET_NAME = DoodleFun; LD_RUNPATH_SEARCH_PATHS = "$(inherited) @executable_path/Frameworks @loader_path/Frameworks";}; name = Release; };
495218A73A80E9881E590CDD = { isa = XCConfigurationList; buildConfigurations = (DA5BEDA2EF77231077EC33D5, B5D88451F2806CF51B18FA60,); defaultConfigurationIsVisible = 0; defaultConfigurationName = Release; };
D90CFFC14D4B9D6462743719 = { isa = PBXNativeTarget; buildConfigurationList = 495218A73A80E9881E590CDD; buildPhases = (4F855746D7DA8ED42391DD3C, 0813C11CE20084D567CCFCAF, E7185EDDA1728D590AE4BC9D,); buildRules = (); dependencies = (C0DD0A34C0A48D49D1F43985,); name = DoodleFunUITests; productName = DoodleFunUITests; productReference = 06AA3F790DD471A3ED0FACF8; productType = "com.apple.product-type.bundle.ui-testing"; };
BFD315016DE16320F7E2120C = { isa = XCBuildConfiguration; buildSettings = {ALWAYS_SEARCH_USER_PATHS = NO; CLANG_ENABLE_MODULES = YES; CLANG_ENABLE_OBJC_ARC = YES; IPHONEOS_DEPLOYMENT_TARGET = 17.0; SDKROOT = iphoneos; SWIFT_VERSION = 5.0; TARGETED_DEVICE_FAMILY = "1,2"; SUPPORTED_PLATFORMS = "iphoneos iphonesimulator"; CODE_SIGN_STYLE = Automatic; PRODUCT_NAME = "$(TARGET_NAME)"; SWIFT_OPTIMIZATION_LEVEL = "-Onone"; SWIFT_ACTIVE_COMPILATION_CONDITIONS = "DEBUG $(inherited)"; DEBUG_INFORMATION_FORMAT = dwarf; ENABLE_TESTABILITY = YES;}; name = Debug; };
1D8C0C6B1D22EA8C7669B263 = { isa = XCBuildConfiguration; buildSettings = {ALWAYS_SEARCH_USER_PATHS = NO; CLANG_ENABLE_MODULES = YES; CLANG_ENABLE_OBJC_ARC = YES; IPHONEOS_DEPLOYMENT_TARGET = 17.0; SDKROOT = iphoneos; SWIFT_VERSION = 5.0; TARGETED_DEVICE_FAMILY = "1,2"; SUPPORTED_PLATFORMS = "iphoneos iphonesimulator"; CODE_SIGN_STYLE = Automatic; PRODUCT_NAME = "$(TARGET_NAME)"; SWIFT_OPTIMIZATION_LEVEL = "-O"; SWIFT_ACTIVE_COMPILATION_CONDITIONS = "$(inherited)"; DEBUG_INFORMATION_FORMAT = "dwarf-with-dsym"; ENABLE_TESTABILITY = NO;}; name = Release; };
5D7731714D3E69D68AA8D7ED = { isa = XCConfigurationList; buildConfigurations = (BFD315016DE16320F7E2120C, 1D8C0C6B1D22EA8C7669B263,); defaultConfigurationIsVisible = 0; defaultConfigurationName = Release; };
98F54143AB4E86B28C3AFEE0 = { isa = PBXProject; attributes = { BuildIndependentTargetsInParallel = YES; LastUpgradeCheck = 2600; TargetAttributes = {2FDA16EE93D7D223AA93A5CA = { CreatedOnToolsVersion = 26.6; }; C520B70A259356B3019510DC = { TestTargetID = 2FDA16EE93D7D223AA93A5CA; }; D90CFFC14D4B9D6462743719 = { TestTargetID = 2FDA16EE93D7D223AA93A5CA; }; }; }; buildConfigurationList = 5D7731714D3E69D68AA8D7ED; compatibilityVersion = "Xcode 14.0"; developmentRegion = en; hasScannedForEncodings = 0; knownRegions = (en, Base,); mainGroup = E50290A24C49A459B43487C5; productRefGroup = 328EC33DF3954DC9B83FA285; projectDirPath = ""; projectRoot = ""; targets = (2FDA16EE93D7D223AA93A5CA, C520B70A259356B3019510DC, D90CFFC14D4B9D6462743719,); };
}; rootObject = 98F54143AB4E86B28C3AFEE0; }
